Microsoft Visual Studio Solution File, Format Version 12.00
# Visual Studio Version 17
VisualStudioVersion = 17.5.2.0
MinimumVisualStudioVersion = 10.0.40219.1
Project("{FAE04EC0-301F-11D3-BF4B-00C04F79EFBC}") = "BuildertrendMVC", "BuildertrendMVC\BuildertrendMVC.csproj", "{278D1487-EE7E-BDFC-114A-E98A30ED0B53}"
EndProject
Global
	GlobalSection(SolutionConfigurationPlatforms) = preSolution
		Debug|Any CPU = Debug|Any CPU
		Release|Any CPU = Release|Any CPU
	EndGlobalSection
	GlobalSection(ProjectConfigurationPlatforms) = postSolution
		{278D1487-EE7E-BDFC-114A-E98A30ED0B53}.Debug|Any CPU.ActiveCfg = Debug|Any CPU
		{278D1487-EE7E-BDFC-114A-E98A30ED0B53}.Debug|Any CPU.Build.0 = Debug|Any CPU
		{278D1487-EE7E-BDFC-114A-E98A30ED0B53}.Release|Any CPU.ActiveCfg = Release|Any CPU
		{278D1487-EE7E-BDFC-114A-E98A30ED0B53}.Release|Any CPU.Build.0 = Release|Any CPU
	EndGlobalSection
	GlobalSection(SolutionProperties) = preSolution
		HideSolutionNode = FALSE
	EndGlobalSection
	GlobalSection(ExtensibilityGlobals) = postSolution
		SolutionGuid = {8EC60B1D-A829-45F1-86B5-F6D1E54F012C}
	EndGlobalSection
EndGlobal
